
Microsoft Visual Studio Solution File, Format Version 12.00
# Visual Studio Version 17
VisualStudioVersion = 17.8.34316.72
MinimumVisualStudioVersion = 10.0.40219.1
Project("{8BC9CEB8-8B4A-11D0-8D11-00A0C91BC942}") = "Programmers", "Programmers\Programmers.vcxproj", "{8BC453DA-50FE-44C2-91A1-9602C5C8F5F1}"
EndProject
Project("{8BC9CEB8-8B4A-11D0-8D11-00A0C91BC942}") = "PCCE9_neighbor", "PCCE9_neighbor\PCCE9_neighbor.vcxproj", "{94BC3A56-4679-4362-9BAD-BD68CABD0A88}"
EndProject
Global
	GlobalSection(SolutionConfigurationPlatforms) = preSolution
		Debug|x64 = Debug|x64
		Debug|x86 = Debug|x86
		Release|x64 = Release|x64
		Release|x86 = Release|x86
	EndGlobalSection
	GlobalSection(ProjectConfigurationPlatforms) = postSolution
		{8BC453DA-50FE-44C2-91A1-9602C5C8F5F1}.Debug|x64.ActiveCfg = Debug|x64
		{8BC453DA-50FE-44C2-91A1-9602C5C8F5F1}.Debug|x64.Build.0 = Debug|x64
		{8BC453DA-50FE-44C2-91A1-9602C5C8F5F1}.Debug|x86.ActiveCfg = Debug|Win32
		{8BC453DA-50FE-44C2-91A1-9602C5C8F5F1}.Debug|x86.Build.0 = Debug|Win32
		{8BC453DA-50FE-44C2-91A1-9602C5C8F5F1}.Release|x64.ActiveCfg = Release|x64
		{8BC453DA-50FE-44C2-91A1-9602C5C8F5F1}.Release|x64.Build.0 = Release|x64
		{8BC453DA-50FE-44C2-91A1-9602C5C8F5F1}.Release|x86.ActiveCfg = Release|Win32
		{8BC453DA-50FE-44C2-91A1-9602C5C8F5F1}.Release|x86.Build.0 = Release|Win32
		{94BC3A56-4679-4362-9BAD-BD68CABD0A88}.Debug|x64.ActiveCfg = Debug|x64
		{94BC3A56-4679-4362-9BAD-BD68CABD0A88}.Debug|x64.Build.0 = Debug|x64
		{94BC3A56-4679-4362-9BAD-BD68CABD0A88}.Debug|x86.ActiveCfg = Debug|Win32
		{94BC3A56-4679-4362-9BAD-BD68CABD0A88}.Debug|x86.Build.0 = Debug|Win32
		{94BC3A56-4679-4362-9BAD-BD68CABD0A88}.Release|x64.ActiveCfg = Release|x64
		{94BC3A56-4679-4362-9BAD-BD68CABD0A88}.Release|x64.Build.0 = Release|x64
		{94BC3A56-4679-4362-9BAD-BD68CABD0A88}.Release|x86.ActiveCfg = Release|Win32
		{94BC3A56-4679-4362-9BAD-BD68CABD0A88}.Release|x86.Build.0 = Release|Win32
	EndGlobalSection
	GlobalSection(SolutionProperties) = preSolution
		HideSolutionNode = FALSE
	EndGlobalSection
	GlobalSection(ExtensibilityGlobals) = postSolution
		SolutionGuid = {394376C7-19D1-4A4F-BD9F-B9A343786736}
	EndGlobalSection
EndGlobal
